# This file is automatically @generated by Cargo.
# It is not intended for manual editing.
version = 3

[[package]]
name = "bitflags"
version = "2.6.0"
source = "registry+https://github.com/rust-lang/crates.io-index"
checksum = "b048fb63fd8b5923fc5aa7b340d8e156aec7ec02f0c78fa8a6ddc2613f6f71de"

[[package]]
name = "libc"
version = "0.2.168"
source = "registry+https://github.com/rust-lang/crates.io-index"
checksum = "5aaeb2981e0606ca11d79718f8bb01164f1d6ed75080182d3abf017e6d244b6d"

[[package]]
name = "libredox"
version = "0.1.3"
source = "registry+https://github.com/rust-lang/crates.io-index"
checksum = "c0ff37bd590ca25063e35af745c343cb7a0271906fb7b37e4813e8f79f00268d"
dependencies = [
 "bitflags",
 "libc",
 "redox_syscall",
]

[[package]]
name = "orbclient"
version = "0.3.48"
source = "registry+https://github.com/rust-lang/crates.io-index"
checksum = "ba0b26cec2e24f08ed8bb31519a9333140a6599b867dac464bb150bdb796fd43"
dependencies = [
 "libredox",
]

[[package]]
name = "plain"
version = "0.2.3"
source = "registry+https://github.com/rust-lang/crates.io-index"
checksum = "b4596b6d070b27117e987119b4dac604f3c58cfb0b191112e24771b2faeac1a6"

[[package]]
name = "redox_dmi"
version = "0.1.6"
source = "registry+https://github.com/rust-lang/crates.io-index"
checksum = "216218af5d41f90d4ed3fd7e136d359fb8ed567f641bb0c61c0e4960c7f7789c"
dependencies = [
 "plain",
]

[[package]]
name = "redox_syscall"
version = "0.5.8"
source = "registry+https://github.com/rust-lang/crates.io-index"
checksum = "03a862b389f93e68874fbf580b9de08dd02facb9a788ebadaf4a3fd33cf58834"
dependencies = [
 "bitflags",
]

[[package]]
name = "redox_uefi"
version = "0.1.13"
source = "registry+https://github.com/rust-lang/crates.io-index"
checksum = "c5d69301333534a04b380995f5d9e604f46a7cbd8d8c62c996ee27447efdeba4"

[[package]]
name = "redox_uefi_alloc"
version = "0.1.13"
source = "registry+https://github.com/rust-lang/crates.io-index"
checksum = "1df364cdf289d9df9201f147aeeb5e7387f29f0824bee2e41e960eb98eaf03f1"
dependencies = [
 "redox_uefi",
]

[[package]]
name = "redox_uefi_std"
version = "0.1.13"
source = "registry+https://github.com/rust-lang/crates.io-index"
checksum = "b81203f45b2e08804d80274a2951f1615828d9aa5629d3a5d267878c70feb96d"
dependencies = [
 "redox_uefi",
 "redox_uefi_alloc",
]

[[package]]
name = "system76_firmware_update"
version = "1.0.0"
dependencies = [
 "orbclient",
 "plain",
 "redox_dmi",
 "redox_uefi_std",
]
