# This file is automatically @generated by Cargo.
# It is not intended for manual editing.
version = 3

[[package]]
name = "bitflags"
version = "1.3.2"
source = "registry+https://github.com/rust-lang/crates.io-index"
checksum = "bef38d45163c2f1dde094a7dfd33ccf595c92905c8f8f4fdc18d06fb1037718a"

[[package]]
name = "coreboot-fs"
version = "0.1.0"
source = "registry+https://github.com/rust-lang/crates.io-index"
checksum = "2cec4e0a87f04876c1fac4ca4a1645d7ffb308575ee0580ca27edc886227cf1b"
dependencies = [
 "plain",
]

[[package]]
name = "downcast-rs"
version = "1.2.0"
source = "registry+https://github.com/rust-lang/crates.io-index"
checksum = "9ea835d29036a4087793836fa931b08837ad5e957da9e23886b29586fb9b6650"

[[package]]
name = "intel-spi"
version = "0.1.4"
source = "registry+https://github.com/rust-lang/crates.io-index"
checksum = "dd421a3303cd3a5e1ca8de57e3cf31a942c56b9149e40ee4909734189d657dfc"
dependencies = [
 "bitflags",
 "coreboot-fs",
 "libc",
 "redox_intelflash",
]

[[package]]
name = "libc"
version = "0.2.135"
source = "registry+https://github.com/rust-lang/crates.io-index"
checksum = "68783febc7782c6c5cb401fbda4de5a9898be1762314da0bb2c10ced61f18b0c"

[[package]]
name = "orbclient"
version = "0.3.21"
source = "git+https://gitlab.redox-os.org/redox-os/orbclient.git?branch=no_std#0cf93f23b88fdeff6561a4f9b4b91798c3c3a4a1"

[[package]]
name = "plain"
version = "0.2.3"
source = "registry+https://github.com/rust-lang/crates.io-index"
checksum = "b4596b6d070b27117e987119b4dac604f3c58cfb0b191112e24771b2faeac1a6"

[[package]]
name = "redox_dmi"
version = "0.1.5"
source = "registry+https://github.com/rust-lang/crates.io-index"
checksum = "a99ca13e2ee4afe0fa2a646db6ac800f6d077a789ee759085f7313092535a45f"
dependencies = [
 "plain",
]

[[package]]
name = "redox_hwio"
version = "0.1.5"
source = "registry+https://github.com/rust-lang/crates.io-index"
checksum = "9489d9e1b95e30ca0c6c5e9f5af5960ef838e4045eecd71db748248a7216778d"

[[package]]
name = "redox_intelflash"
version = "0.1.3"
source = "registry+https://github.com/rust-lang/crates.io-index"
checksum = "7d8e51d17548d82fa194ca49c6adf81fce4a45bbddfdd7d35f68725cec1943f5"
dependencies = [
 "bitflags",
 "plain",
 "redox_uefi",
]

[[package]]
name = "redox_uefi"
version = "0.1.8"
source = "registry+https://github.com/rust-lang/crates.io-index"
checksum = "8b317cf652e12b060987e810efe95d61d8bcd157943731c7fa66897934d92d24"

[[package]]
name = "redox_uefi_alloc"
version = "0.1.8"
source = "registry+https://github.com/rust-lang/crates.io-index"
checksum = "9f4ea6b35d7f7ed38a82b7af61abccef31bc8f54912d00b2220e35d07423a775"
dependencies = [
 "redox_uefi",
]

[[package]]
name = "redox_uefi_std"
version = "0.1.8"
source = "registry+https://github.com/rust-lang/crates.io-index"
checksum = "01adab1a733baa2f30e4db0ca0ef7747b936ab27690cecffda3027b5262d4600"
dependencies = [
 "redox_uefi",
 "redox_uefi_alloc",
]

[[package]]
name = "system76_ecflash"
version = "0.1.3"
source = "git+https://github.com/system76/ecflash.git#2b94b81b971dce74f11fc8549fa8d6c4acd68657"

[[package]]
name = "system76_ectool"
version = "0.3.8"
source = "git+https://github.com/system76/ec.git#01885609e80cd66d809711ab49c23dbb68f9f6eb"
dependencies = [
 "downcast-rs",
 "redox_hwio",
]

[[package]]
name = "system76_firmware_update"
version = "1.0.0"
dependencies = [
 "coreboot-fs",
 "intel-spi",
 "orbclient",
 "plain",
 "redox_dmi",
 "redox_hwio",
 "redox_intelflash",
 "redox_uefi_std",
 "system76_ecflash",
 "system76_ectool",
]
